
Microsoft Visual Studio Solution File, Format Version 12.00
# Visual Studio 15
VisualStudioVersion = 15.0.27130.2036
MinimumVisualStudioVersion = 10.0.40219.1
Project("{FAE04EC0-301F-11D3-BF4B-00C04F79EFBC}") = "MikuMikuWMP", "MikuMikuWMP\MikuMikuWMP.csproj", "{DD3970C5-4A73-401F-9899-D00B60694EB4}"
EndProject
Global
	GlobalSection(SolutionConfigurationPlatforms) = preSolution
		Debug|Any CPU = Debug|Any CPU
		Release|Any CPU = Release|Any CPU
	EndGlobalSection
	GlobalSection(ProjectConfigurationPlatforms) = postSolution
		{DD3970C5-4A73-401F-9899-D00B60694EB4}.Debug|Any CPU.ActiveCfg = Debug|Any CPU
		{DD3970C5-4A73-401F-9899-D00B60694EB4}.Debug|Any CPU.Build.0 = Debug|Any CPU
		{DD3970C5-4A73-401F-9899-D00B60694EB4}.Release|Any CPU.ActiveCfg = Release|Any CPU
		{DD3970C5-4A73-401F-9899-D00B60694EB4}.Release|Any CPU.Build.0 = Release|Any CPU
	EndGlobalSection
	GlobalSection(SolutionProperties) = preSolution
		HideSolutionNode = FALSE
	EndGlobalSection
	GlobalSection(ExtensibilityGlobals) = postSolution
		SolutionGuid = {B82B93F8-B058-4C2A-B870-6FAFF6E69099}
	EndGlobalSection
EndGlobal
